
Microsoft Visual Studio Solution File, Format Version 12.00
# Visual Studio Version 17
VisualStudioVersion = 17.2.32630.192
MinimumVisualStudioVersion = 10.0.40219.1
Project("{FAE04EC0-301F-11D3-BF4B-00C04F79EFBC}") = "KCN-StarRail-Unlock", ".\Src\KCN-StarRail-Unlock.csproj", "{86D6219A-4DAC-4DBF-B39B-E2B034CEBC31}"
EndProject
Global
	GlobalSection(SolutionConfigurationPlatforms) = preSolution
		Debug|Any CPU = Debug|Any CPU
		Release|Any CPU = Release|Any CPU
	EndGlobalSection
	GlobalSection(ProjectConfigurationPlatforms) = postSolution
		{86D6219A-4DAC-4DBF-B39B-E2B034CEBC31}.Debug|Any CPU.ActiveCfg = Debug|Any CPU
		{86D6219A-4DAC-4DBF-B39B-E2B034CEBC31}.Debug|Any CPU.Build.0 = Debug|Any CPU
		{86D6219A-4DAC-4DBF-B39B-E2B034CEBC31}.Release|Any CPU.ActiveCfg = Release|Any CPU
		{86D6219A-4DAC-4DBF-B39B-E2B034CEBC31}.Release|Any CPU.Build.0 = Release|Any CPU
	EndGlobalSection
	GlobalSection(SolutionProperties) = preSolution
		HideSolutionNode = FALSE
	EndGlobalSection
	GlobalSection(ExtensibilityGlobals) = postSolution
		SolutionGuid = {B7A6B368-A023-4B05-BCE1-4F501FD6DB34}
	EndGlobalSection
EndGlobal
